
Microsoft Visual Studio Solution File, Format Version 12.00
# Visual Studio Version 17
VisualStudioVersion = 17.1.32210.238
MinimumVisualStudioVersion = 10.0.40219.1
Project("{9A19103F-16F7-4668-BE54-9A1E7A4F7556}") = "ToDoList", "ToDoList\ToDoList.csproj", "{147DF393-0479-4826-B991-9271F152FA87}"
EndProject
Global
	GlobalSection(SolutionConfigurationPlatforms) = preSolution
		Debug|Any CPU = Debug|Any CPU
		Release|Any CPU = Release|Any CPU
	EndGlobalSection
	GlobalSection(ProjectConfigurationPlatforms) = postSolution
		{147DF393-0479-4826-B991-9271F152FA87}.Debug|Any CPU.ActiveCfg = Debug|Any CPU
		{147DF393-0479-4826-B991-9271F152FA87}.Debug|Any CPU.Build.0 = Debug|Any CPU
		{147DF393-0479-4826-B991-9271F152FA87}.Release|Any CPU.ActiveCfg = Release|Any CPU
		{147DF393-0479-4826-B991-9271F152FA87}.Release|Any CPU.Build.0 = Release|Any CPU
	EndGlobalSection
	GlobalSection(SolutionProperties) = preSolution
		HideSolutionNode = FALSE
	EndGlobalSection
	GlobalSection(ExtensibilityGlobals) = postSolution
		SolutionGuid = {5DC188F9-1529-4895-94D5-A9E1C122E90A}
	EndGlobalSection
EndGlobal
